// !$*UTF8*$!
{
	archiveVersion = 1;
	classes = {
	};
	objectVersion = 50;
	objects = {

/* Begin PBXBuildFile section */
		41525BDD295480EE53FAF8FB /* Pods_PodDemo.framework in Frameworks */ = {isa = PBXBuildFile; fileRef = E12613858D98D54900C89ABD /* Pods_PodDemo.framework */; };
		9FA1C3E722B9E811000BDCCD /* AppDelegate.m in Sources */ = {isa = PBXBuildFile; fileRef = 9FA1C3E622B9E811000BDCCD /* AppDelegate.m */; };
		9FA1C3EA22B9E811000BDCCD /* ViewController.m in Sources */ = {isa = PBXBuildFile; fileRef = 9FA1C3E922B9E811000BDCCD /* ViewController.m */; };
		9FA1C3ED22B9E811000BDCCD /* Main.storyboard in Resources */ = {isa = PBXBuildFile; fileRef = 9FA1C3EB22B9E811000BDCCD /* Main.storyboard */; };
		9FA1C3EF22B9E812000BDCCD /* Assets.xcassets in Resources */ = {isa = PBXBuildFile; fileRef = 9FA1C3EE22B9E812000BDCCD /* Assets.xcassets */; };
		9FA1C3F222B9E812000BDCCD /* LaunchScreen.storyboard in Resources */ = {isa = PBXBuildFile; fileRef = 9FA1C3F022B9E812000BDCCD /* LaunchScreen.storyboard */; };
		9FA1C3F522B9E812000BDCCD /* main.m in Sources */ = {isa = PBXBuildFile; fileRef = 9FA1C3F422B9E812000BDCCD /* main.m */; };
/* End PBXBuildFile section */

/* Begin PBXFileReference section */
		29A432528EFD7E30C66FF6CA /* Pods-PodDemo.debug.xcconfig */ = {isa = PBXFileReference; includeInIndex = 1; lastKnownFileType = text.xcconfig; name = "Pods-PodDemo.debug.xcconfig"; path = "../PodDemo/Pods/Target Support Files/Pods-PodDemo/Pods-PodDemo.debug.xcconfig"; sourceTree = "<group>"; };
		9FA1C3E222B9E811000BDCCD /* PodDemo.app */ = {isa = PBXFileReference; explicitFileType = wrapper.application; includeInIndex = 0; path = PodDemo.app; sourceTree = BUILT_PRODUCTS_DIR; };
		9FA1C3E522B9E811000BDCCD /* AppDelegate.h */ = {isa = PBXFileReference; lastKnownFileType = sourcecode.c.h; path = AppDelegate.h; sourceTree = "<group>"; };
		9FA1C3E622B9E811000BDCCD /* AppDelegate.m */ = {isa = PBXFileReference; lastKnownFileType = sourcecode.c.objc; path = AppDelegate.m; sourceTree = "<group>"; };
		9FA1C3E822B9E811000BDCCD /* ViewController.h */ = {isa = PBXFileReference; lastKnownFileType = sourcecode.c.h; path = ViewController.h; sourceTree = "<group>"; };
		9FA1C3E922B9E811000BDCCD /* ViewController.m */ = {isa = PBXFileReference; lastKnownFileType = sourcecode.c.objc; path = ViewController.m; sourceTree = "<group>"; };
		9FA1C3EC22B9E811000BDCCD /* Base */ = {isa = PBXFileReference; lastKnownFileType = file.storyboard; name = Base; path = Base.lproj/Main.storyboard; sourceTree = "<group>"; };
		9FA1C3EE22B9E812000BDCCD /* Assets.xcassets */ = {isa = PBXFileReference; lastKnownFileType = folder.assetcatalog; path = Assets.xcassets; sourceTree = "<group>"; };
		9FA1C3F122B9E812000BDCCD /* Base */ = {isa = PBXFileReference; lastKnownFileType = file.storyboard; name = Base; path = Base.lproj/LaunchScreen.storyboard; sourceTree = "<group>"; };
		9FA1C3F322B9E812000BDCCD /* Info.plist */ = {isa = PBXFileReference; lastKnownFileType = text.plist.xml; path = Info.plist; sourceTree = "<group>"; };
		9FA1C3F422B9E812000BDCCD /* main.m */ = {isa = PBXFileReference; lastKnownFileType = sourcecode.c.objc; path = main.m; sourceTree = "<group>"; };
		E12613858D98D54900C89ABD /* Pods_PodDemo.framework */ = {isa = PBXFileReference; explicitFileType = wrapper.framework; includeInIndex = 0; path = Pods_PodDemo.framework; sourceTree = BUILT_PRODUCTS_DIR; };
		EAE1CC31BC0E8D58E877A793 /* Pods-PodDemo.release.xcconfig */ = {isa = PBXFileReference; includeInIndex = 1; lastKnownFileType = text.xcconfig; name = "Pods-PodDemo.release.xcconfig"; path = "../PodDemo/Pods/Target Support Files/Pods-PodDemo/Pods-PodDemo.release.xcconfig"; sourceTree = "<group>"; };
/* End PBXFileReference section */

/* Begin PBXFrameworksBuildPhase section */
		9FA1C3DF22B9E811000BDCCD /* Frameworks */ = {
			isa = PBXFrameworksBuildPhase;
			buildActionMask = 2147483647;
			files = (
				41525BDD295480EE53FAF8FB /* Pods_PodDemo.framework in Frameworks */,
			);
			runOnlyForDeploymentPostprocessing = 0;
		};
/* End PBXFrameworksBuildPhase section */

/* Begin PBXGroup section */
		9FA1C3D922B9E811000BDCCD = {
			isa = PBXGroup;
			children = (
				9FA1C3E422B9E811000BDCCD /* PodDemo */,
				9FA1C3E322B9E811000BDCCD /* Products */,
				D0471D5321269B62E97E36A6 /* Pods */,
				A932364CEDE21A8D02A57EF6 /* Frameworks */,
			);
			sourceTree = "<group>";
		};
		9FA1C3E322B9E811000BDCCD /* Products */ = {
			isa = PBXGroup;
			children = (
				9FA1C3E222B9E811000BDCCD /* PodDemo.app */,
			);
			name = Products;
			sourceTree = "<group>";
		};
		9FA1C3E422B9E811000BDCCD /* PodDemo */ = {
			isa = PBXGroup;
			children = (
				9FA1C3E522B9E811000BDCCD /* AppDelegate.h */,
				9FA1C3E622B9E811000BDCCD /* AppDelegate.m */,
				9FA1C3E822B9E811000BDCCD /* ViewController.h */,
				9FA1C3E922B9E811000BDCCD /* ViewController.m */,
				9FA1C3EB22B9E811000BDCCD /* Main.storyboard */,
				9FA1C3EE22B9E812000BDCCD /* Assets.xcassets */,
				9FA1C3F022B9E812000BDCCD /* LaunchScreen.storyboard */,
				9FA1C3F322B9E812000BDCCD /* Info.plist */,
				9FA1C3F422B9E812000BDCCD /* main.m */,
			);
			path = PodDemo;
			sourceTree = "<group>";
		};
		A932364CEDE21A8D02A57EF6 /* Frameworks */ = {
			isa = PBXGroup;
			children = (
				E12613858D98D54900C89ABD /* Pods_PodDemo.framework */,
			);
			name = Frameworks;
			sourceTree = "<group>";
		};
		D0471D5321269B62E97E36A6 /* Pods */ = {
			isa = PBXGroup;
			children = (
				29A432528EFD7E30C66FF6CA /* Pods-PodDemo.debug.xcconfig */,
				EAE1CC31BC0E8D58E877A793 /* Pods-PodDemo.release.xcconfig */,
			);
			name = Pods;
			path = ../Pods;
			sourceTree = "<group>";
		};
/* End PBXGroup section */

/* Begin PBXNativeTarget section */
		9FA1C3E122B9E811000BDCCD /* PodDemo */ = {
			isa = PBXNativeTarget;
			buildConfigurationList = 9FA1C3F822B9E812000BDCCD /* Build configuration list for PBXNativeTarget "PodDemo" */;
			buildPhases = (
				3F12091A10C55F3B3B99985B /* [CP] Check Pods Manifest.lock */,
				9FA1C3DE22B9E811000BDCCD /* Sources */,
				9FA1C3DF22B9E811000BDCCD /* Frameworks */,
				9FA1C3E022B9E811000BDCCD /* Resources */,
				AAC44641B147FDF8A2D64BC1 /* [CP] Copy Pods Resources */,
				2999D0BF97D5C2D82AB8C4C8 /* [CP] Embed Pods Frameworks */,
			);
			buildRules = (
			);
			dependencies = (
			);
			name = PodDemo;
			productName = PodDemo;
			productReference = 9FA1C3E222B9E811000BDCCD /* PodDemo.app */;
			productType = "com.apple.product-type.application";
		};
/* End PBXNativeTarget section */

/* Begin PBXProject section */
		9FA1C3DA22B9E811000BDCCD /* Project object */ = {
			isa = PBXProject;
			attributes = {
				DefaultBuildSystemTypeForWorkspace = Original;
				LastUpgradeCheck = 1010;
				ORGANIZATIONNAME = "毕战路";
				TargetAttributes = {
					9FA1C3E122B9E811000BDCCD = {
						CreatedOnToolsVersion = 10.1;
					};
				};
			};
			buildConfigurationList = 9FA1C3DD22B9E811000BDCCD /* Build configuration list for PBXProject "PodDemo" */;
			compatibilityVersion = "Xcode 9.3";
			developmentRegion = en;
			hasScannedForEncodings = 0;
			knownRegions = (
				en,
				Base,
			);
			mainGroup = 9FA1C3D922B9E811000BDCCD;
			productRefGroup = 9FA1C3E322B9E811000BDCCD /* Products */;
			projectDirPath = "";
			projectRoot = "";
			targets = (
				9FA1C3E122B9E811000BDCCD /* PodDemo */,
			);
		};
/* End PBXProject section */

/* Begin PBXResourcesBuildPhase section */
		9FA1C3E022B9E811000BDCCD /* Resources */ = {
			isa = PBXResourcesBuildPhase;
			buildActionMask = 2147483647;
			files = (
				9FA1C3F222B9E812000BDCCD /* LaunchScreen.storyboard in Resources */,
				9FA1C3EF22B9E812000BDCCD /* Assets.xcassets in Resources */,
				9FA1C3ED22B9E811000BDCCD /* Main.storyboard in Resources */,
			);
			runOnlyForDeploymentPostprocessing = 0;
		};
/* End PBXResourcesBuildPhase section */

/* Begin PBXShellScriptBuildPhase section */
		2999D0BF97D5C2D82AB8C4C8 /* [CP] Embed Pods Frameworks */ = {
			isa = PBXShellScriptBuildPhase;
			buildActionMask = 2147483647;
			files = (
			);
			inputFileListPaths = (
				"${PODS_ROOT}/Target Support Files/Pods-PodDemo/Pods-PodDemo-frameworks-${CONFIGURATION}-input-files.xcfilelist",
			);
			name = "[CP] Embed Pods Frameworks";
			outputFileListPaths = (
				"${PODS_ROOT}/Target Support Files/Pods-PodDemo/Pods-PodDemo-frameworks-${CONFIGURATION}-output-files.xcfilelist",
			);
			runOnlyForDeploymentPostprocessing = 0;
			shellPath = /bin/sh;
			shellScript = "\"${PODS_ROOT}/Target Support Files/Pods-PodDemo/Pods-PodDemo-frameworks.sh\"\n";
			showEnvVarsInLog = 0;
		};
		3F12091A10C55F3B3B99985B /* [CP] Check Pods Manifest.lock */ = {
			isa = PBXShellScriptBuildPhase;
			buildActionMask = 2147483647;
			files = (
			);
			inputFileListPaths = (
			);
			inputPaths = (
				"${PODS_PODFILE_DIR_PATH}/Podfile.lock",
				"${PODS_ROOT}/Manifest.lock",
			);
			name = "[CP] Check Pods Manifest.lock";
			outputFileListPaths = (
			);
			outputPaths = (
				"$(DERIVED_FILE_DIR)/Pods-PodDemo-checkManifestLockResult.txt",
			);
			runOnlyForDeploymentPostprocessing = 0;
			shellPath = /bin/sh;
			shellScript = "diff \"${PODS_PODFILE_DIR_PATH}/Podfile.lock\" \"${PODS_ROOT}/Manifest.lock\" > /dev/null\nif [ $? != 0 ] ; then\n    # print error to STDERR\n    echo \"error: The sandbox is not in sync with the Podfile.lock. Run 'pod install' or update your CocoaPods installation.\" >&2\n    exit 1\nfi\n# This output is used by Xcode 'outputs' to avoid re-running this script phase.\necho \"SUCCESS\" > \"${SCRIPT_OUTPUT_FILE_0}\"\n";
			showEnvVarsInLog = 0;
		};
		AAC44641B147FDF8A2D64BC1 /* [CP] Copy Pods Resources */ = {
			isa = PBXShellScriptBuildPhase;
			buildActionMask = 2147483647;
			files = (
			);
			inputFileListPaths = (
				"${PODS_ROOT}/Target Support Files/Pods-PodDemo/Pods-PodDemo-resources-${CONFIGURATION}-input-files.xcfilelist",
			);
			name = "[CP] Copy Pods Resources";
			outputFileListPaths = (
				"${PODS_ROOT}/Target Support Files/Pods-PodDemo/Pods-PodDemo-resources-${CONFIGURATION}-output-files.xcfilelist",
			);
			runOnlyForDeploymentPostprocessing = 0;
			shellPath = /bin/sh;
			shellScript = "\"${PODS_ROOT}/Target Support Files/Pods-PodDemo/Pods-PodDemo-resources.sh\"\n";
			showEnvVarsInLog = 0;
		};
/* End PBXShellScriptBuildPhase section */

/* Begin PBXSourcesBuildPhase section */
		9FA1C3DE22B9E811000BDCCD /* Sources */ = {
			isa = PBXSourcesBuildPhase;
			buildActionMask = 2147483647;
			files = (
				9FA1C3EA22B9E811000BDCCD /* ViewController.m in Sources */,
				9FA1C3F522B9E812000BDCCD /* main.m in Sources */,
				9FA1C3E722B9E811000BDCCD /* AppDelegate.m in Sources */,
			);
			runOnlyForDeploymentPostprocessing = 0;
		};
/* End PBXSourcesBuildPhase section */

/* Begin PBXVariantGroup section */
		9FA1C3EB22B9E811000BDCCD /* Main.storyboard */ = {
			isa = PBXVariantGroup;
			children = (
				9FA1C3EC22B9E811000BDCCD /* Base */,
			);
			name = Main.storyboard;
			sourceTree = "<group>";
		};
		9FA1C3F022B9E812000BDCCD /* LaunchScreen.storyboard */ = {
			isa = PBXVariantGroup;
			children = (
				9FA1C3F122B9E812000BDCCD /* Base */,
			);
			name = LaunchScreen.storyboard;
			sourceTree = "<group>";
		};
/* End PBXVariantGroup section */

/* Begin XCBuildConfiguration section */
		9FA1C3F622B9E812000BDCCD /* Debug */ = {
			isa = XCBuildConfiguration;
			buildSettings = {
				ALWAYS_SEARCH_USER_PATHS = NO;
				CLANG_ANALYZER_NONNULL = YES;
				CLANG_ANALYZER_NUMBER_OBJECT_CONVERSION = YES_AGGRESSIVE;
				CLANG_CXX_LANGUAGE_STANDARD = "gnu++14";
				CLANG_CXX_LIBRARY = "libc++";
				CLANG_ENABLE_MODULES = YES;
				CLANG_ENABLE_OBJC_ARC = YES;
				CLANG_ENABLE_OBJC_WEAK = YES;
				CLANG_WARN_BLOCK_CAPTURE_AUTORELEASING = YES;
				CLANG_WARN_BOOL_CONVERSION = YES;
				CLANG_WARN_COMMA = YES;
				CLANG_WARN_CONSTANT_CONVERSION = YES;
				CLANG_WARN_DEPRECATED_OBJC_IMPLEMENTATIONS = YES;
				CLANG_WARN_DIRECT_OBJC_ISA_USAGE = YES_ERROR;
				CLANG_WARN_DOCUMENTATION_COMMENTS = YES;
				CLANG_WARN_EMPTY_BODY = YES;
				CLANG_WARN_ENUM_CONVERSION = YES;
				CLANG_WARN_INFINITE_RECURSION = YES;
				CLANG_WARN_INT_CONVERSION = YES;
				CLANG_WARN_NON_LITERAL_NULL_CONVERSION = YES;
				CLANG_WARN_OBJC_IMPLICIT_RETAIN_SELF = YES;
				CLANG_WARN_OBJC_LITERAL_CONVERSION = YES;
				CLANG_WARN_OBJC_ROOT_CLASS = YES_ERROR;
				CLANG_WARN_RANGE_LOOP_ANALYSIS = YES;
				CLANG_WARN_STRICT_PROTOTYPES = YES;
				CLANG_WARN_SUSPICIOUS_MOVE = YES;
				CLANG_WARN_UNGUARDED_AVAILABILITY = YES_AGGRESSIVE;
				CLANG_WARN_UNREACHABLE_CODE = YES;
				CLANG_WARN__DUPLICATE_METHOD_MATCH = YES;
				CODE_SIGN_IDENTITY = "iPhone Developer";
				COPY_PHASE_STRIP = NO;
				DEBUG_INFORMATION_FORMAT = dwarf;
				ENABLE_STRICT_OBJC_MSGSEND = YES;
				ENABLE_TESTABILITY = YES;
				GCC_C_LANGUAGE_STANDARD = gnu11;
				GCC_DYNAMIC_NO_PIC = NO;
				GCC_NO_COMMON_BLOCKS = YES;
				GCC_OPTIMIZATION_LEVEL = 0;
				GCC_PREPROCESSOR_DEFINITIONS = (
					"DEBUG=1",
					"$(inherited)",
				);
				GCC_WARN_64_TO_32_BIT_CONVERSION = YES;
				GCC_WARN_ABOUT_RETURN_TYPE = YES_ERROR;
				GCC_WARN_UNDECLARED_SELECTOR = YES;
				GCC_WARN_UNINITIALIZED_AUTOS = YES_AGGRESSIVE;
				GCC_WARN_UNUSED_FUNCTION = YES;
				GCC_WARN_UNUSED_VARIABLE = YES;
				IPHONEOS_DEPLOYMENT_TARGET = 12.1;
				MTL_ENABLE_DEBUG_INFO = INCLUDE_SOURCE;
				MTL_FAST_MATH = YES;
				ONLY_ACTIVE_ARCH = YES;
				SDKROOT = iphoneos;
			};
			name = Debug;
		};
		9FA1C3F722B9E812000BDCCD /* Release */ = {
			isa = XCBuildConfiguration;
			buildSettings = {
				ALWAYS_SEARCH_USER_PATHS = NO;
				CLANG_ANALYZER_NONNULL = YES;
				CLANG_ANALYZER_NUMBER_OBJECT_CONVERSION = YES_AGGRESSIVE;
				CLANG_CXX_LANGUAGE_STANDARD = "gnu++14";
				CLANG_CXX_LIBRARY = "libc++";
				CLANG_ENABLE_MODULES = YES;
				CLANG_ENABLE_OBJC_ARC = YES;
				CLANG_ENABLE_OBJC_WEAK = YES;
				CLANG_WARN_BLOCK_CAPTURE_AUTORELEASING = YES;
				CLANG_WARN_BOOL_CONVERSION = YES;
				CLANG_WARN_COMMA = YES;
				CLANG_WARN_CONSTANT_CONVERSION = YES;
				CLANG_WARN_DEPRECATED_OBJC_IMPLEMENTATIONS = YES;
				CLANG_WARN_DIRECT_OBJC_ISA_USAGE = YES_ERROR;
				CLANG_WARN_DOCUMENTATION_COMMENTS = YES;
				CLANG_WARN_EMPTY_BODY = YES;
				CLANG_WARN_ENUM_CONVERSION = YES;
				CLANG_WARN_INFINITE_RECURSION = YES;
				CLANG_WARN_INT_CONVERSION = YES;
				CLANG_WARN_NON_LITERAL_NULL_CONVERSION = YES;
				CLANG_WARN_OBJC_IMPLICIT_RETAIN_SELF = YES;
				CLANG_WARN_OBJC_LITERAL_CONVERSION = YES;
				CLANG_WARN_OBJC_ROOT_CLASS = YES_ERROR;
				CLANG_WARN_RANGE_LOOP_ANALYSIS = YES;
				CLANG_WARN_STRICT_PROTOTYPES = YES;
				CLANG_WARN_SUSPICIOUS_MOVE = YES;
				CLANG_WARN_UNGUARDED_AVAILABILITY = YES_AGGRESSIVE;
				CLANG_WARN_UNREACHABLE_CODE = YES;
				CLANG_WARN__DUPLICATE_METHOD_MATCH = YES;
				CODE_SIGN_IDENTITY = "iPhone Developer";
				COPY_PHASE_STRIP = NO;
				DEBUG_INFORMATION_FORMAT = "dwarf-with-dsym";
				ENABLE_NS_ASSERTIONS = NO;
				ENABLE_STRICT_OBJC_MSGSEND = YES;
				GCC_C_LANGUAGE_STANDARD = gnu11;
				GCC_NO_COMMON_BLOCKS = YES;
				GCC_WARN_64_TO_32_BIT_CONVERSION = YES;
				GCC_WARN_ABOUT_RETURN_TYPE = YES_ERROR;
				GCC_WARN_UNDECLARED_SELECTOR = YES;
				GCC_WARN_UNINITIALIZED_AUTOS = YES_AGGRESSIVE;
				GCC_WARN_UNUSED_FUNCTION = YES;
				GCC_WARN_UNUSED_VARIABLE = YES;
				IPHONEOS_DEPLOYMENT_TARGET = 12.1;
				MTL_ENABLE_DEBUG_INFO = NO;
				MTL_FAST_MATH = YES;
				SDKROOT = iphoneos;
				VALIDATE_PRODUCT = YES;
			};
			name = Release;
		};
		9FA1C3F922B9E812000BDCCD /* Debug */ = {
			isa = XCBuildConfiguration;
			baseConfigurationReference = 29A432528EFD7E30C66FF6CA /* Pods-PodDemo.debug.xcconfig */;
			buildSettings = {
				ASSETCATALOG_COMPILER_APPICON_NAME = AppIcon;
				CODE_SIGN_STYLE = Manual;
				DEVELOPMENT_TEAM = 335X85BJF8;
				ENABLE_BITCODE = NO;
				FRAMEWORK_SEARCH_PATHS = (
					"$(inherited)",
					"\"${PODS_ROOT}/NIMSDK/NIMAVChat\"",
					"\"${PODS_ROOT}/NIMSDK/NIMSDK\"",
				);
				INFOPLIST_FILE = PodDemo/Info.plist;
				LD_RUNPATH_SEARCH_PATHS = (
					"$(inherited)",
					"@executable_path/Frameworks",
				);
				PRODUCT_BUNDLE_IDENTIFIER = com.quanmai.hrfaxfive;
				PRODUCT_NAME = "$(TARGET_NAME)";
				PROVISIONING_PROFILE_SPECIFIER = "XC WildcardDEV";
				SYSTEM_FRAMEWORK_SEARCH_PATHS = "";
				TARGETED_DEVICE_FAMILY = "1,2";
			};
			name = Debug;
		};
		9FA1C3FA22B9E812000BDCCD /* Release */ = {
			isa = XCBuildConfiguration;
			baseConfigurationReference = EAE1CC31BC0E8D58E877A793 /* Pods-PodDemo.release.xcconfig */;
			buildSettings = {
				ASSETCATALOG_COMPILER_APPICON_NAME = AppIcon;
				CODE_SIGN_STYLE = Manual;
				DEVELOPMENT_TEAM = 335X85BJF8;
				ENABLE_BITCODE = NO;
				FRAMEWORK_SEARCH_PATHS = (
					"$(inherited)",
					"\"${PODS_ROOT}/NIMSDK/NIMAVChat\"",
					"\"${PODS_ROOT}/NIMSDK/NIMSDK\"",
				);
				INFOPLIST_FILE = PodDemo/Info.plist;
				LD_RUNPATH_SEARCH_PATHS = (
					"$(inherited)",
					"@executable_path/Frameworks",
				);
				PRODUCT_BUNDLE_IDENTIFIER = com.quanmai.hrfaxfive;
				PRODUCT_NAME = "$(TARGET_NAME)";
				PROVISIONING_PROFILE_SPECIFIER = "XC WildcardDEV";
				SYSTEM_FRAMEWORK_SEARCH_PATHS = "";
				TARGETED_DEVICE_FAMILY = "1,2";
			};
			name = Release;
		};
/* End XCBuildConfiguration section */

/* Begin XCConfigurationList section */
		9FA1C3DD22B9E811000BDCCD /* Build configuration list for PBXProject "PodDemo" */ = {
			isa = XCConfigurationList;
			buildConfigurations = (
				9FA1C3F622B9E812000BDCCD /* Debug */,
				9FA1C3F722B9E812000BDCCD /* Release */,
			);
			defaultConfigurationIsVisible = 0;
			defaultConfigurationName = Release;
		};
		9FA1C3F822B9E812000BDCCD /* Build configuration list for PBXNativeTarget "PodDemo" */ = {
			isa = XCConfigurationList;
			buildConfigurations = (
				9FA1C3F922B9E812000BDCCD /* Debug */,
				9FA1C3FA22B9E812000BDCCD /* Release */,
			);
			defaultConfigurationIsVisible = 0;
			defaultConfigurationName = Release;
		};
/* End XCConfigurationList section */
	};
	rootObject = 9FA1C3DA22B9E811000BDCCD /* Project object */;
}
