PODS:
  - AFNetworking (3.2.1):
    - AFNetworking/NSURLSession (= 3.2.1)
    - AFNetworking/Reachability (= 3.2.1)
    - AFNetworking/Security (= 3.2.1)
    - AFNetworking/Serialization (= 3.2.1)
    - AFNetworking/UIKit (= 3.2.1)
  - AFNetworking/NSURLSession (3.2.1):
    - AFNetworking/Reachability
    - AFNetworking/Security
    - AFNetworking/Serialization
  - AFNetworking/Reachability (3.2.1)
  - AFNetworking/Security (3.2.1)
  - AFNetworking/Serialization (3.2.1)
  - AFNetworking/UIKit (3.2.1):
    - AFNetworking/NSURLSession
  - HRLivingBodyDetection/GHSdkLib (1.0.0):
    - AFNetworking
    - IQKeyboardManager
    - Masonry
    - MBProgressHUD
    - MJExtension
    - MJRefresh
    - NIMSDK
    - SDWebImage
    - Toast
    - WPAttributedMarkup
  - HRSigningContract (1.2.2):
    - HRLivingBodyDetection/GHSdkLib
  - IQKeyboardManager (6.5.3)
  - Masonry (1.1.0)
  - MBProgressHUD (1.1.0)
  - MJExtension (3.2.1)
  - MJRefresh (3.2.0)
  - NIMSDK (6.10.1)
  - SDWebImage (5.2.5):
    - SDWebImage/Core (= 5.2.5)
  - SDWebImage/Core (5.2.5)
  - Toast (4.0.0)
  - WPAttributedMarkup (1.0.0)

DEPENDENCIES:
  - HRSigningContract (from `https://github.com/bizhanlu/HRSigningContract.git`, tag `1.2.2`)

SPEC REPOS:
  trunk:
    - AFNetworking
    - HRLivingBodyDetection
    - IQKeyboardManager
    - Masonry
    - MBProgressHUD
    - MJExtension
    - MJRefresh
    - NIMSDK
    - SDWebImage
    - Toast
    - WPAttributedMarkup

EXTERNAL SOURCES:
  HRSigningContract:
    :git: https://github.com/bizhanlu/HRSigningContract.git
    :tag: 1.2.2

CHECKOUT OPTIONS:
  HRSigningContract:
    :git: https://github.com/bizhanlu/HRSigningContract.git
    :tag: 1.2.2

SPEC CHECKSUMS:
  AFNetworking: b6f891fdfaed196b46c7a83cf209e09697b94057
  HRLivingBodyDetection: abf05a4bfa6ef90b756595db1dd18369950531ce
  HRSigningContract: 13c1199d2fadb96d64ffa9a1d08327cbc1e0c4e7
  IQKeyboardManager: c2f901164d56807a35788483584d09fa69192e8e
  Masonry: 678fab65091a9290e40e2832a55e7ab731aad201
  MBProgressHUD: e7baa36a220447d8aeb12769bf0585582f3866d9
  MJExtension: 635f2c663dcb1bf76fa4b715b2570a5710aec545
  MJRefresh: ed450d6eb9d3346a2cb033ab7eb6de090aeef437
  NIMSDK: f2fbf1729e352fbe6345adf1d081a9ac8856b7cb
  SDWebImage: 4eabf2fa6695c95c47724214417a9c036c965e4a
  Toast: 91b396c56ee72a5790816f40d3a94dd357abc196
  WPAttributedMarkup: eb50878af4ec647d8d2090f721a5cfe7d29c27fe

PODFILE CHECKSUM: 2bdeaabb39a904d279691cb6a330e1eb0777faa5

COCOAPODS: 1.8.4
